// !$*UTF8*$!
{
	archiveVersion = 1;
	classes = {
	};
	objectVersion = 55;
	objects = {

/* Begin PBXBuildFile section */
		F66AE51027AAF7A400D42D5F /* Data.swift in Sources */ = {isa = PBXBuildFile; fileRef = F66AE50F27AAF7A400D42D5F /* Data.swift */; };
		F66AE51227AAFD7400D42D5F /* SnapCarousel.swift in Sources */ = {isa = PBXBuildFile; fileRef = F66AE51127AAFD7400D42D5F /* SnapCarousel.swift */; };
		F66AE51427AAFF0500D42D5F /* Eksplor.swift in Sources */ = {isa = PBXBuildFile; fileRef = F66AE51327AAFF0500D42D5F /* Eksplor.swift */; };
		F6794F9C27B51ADF00C48EC7 /* MakananEnak.swift in Sources */ = {isa = PBXBuildFile; fileRef = F6794F9B27B51ADF00C48EC7 /* MakananEnak.swift */; };
		F6794FA227B5303500C48EC7 /* Terbaru.swift in Sources */ = {isa = PBXBuildFile; fileRef = F6794FA127B5303500C48EC7 /* Terbaru.swift */; };
		F6794FA427B5323A00C48EC7 /* Populer.swift in Sources */ = {isa = PBXBuildFile; fileRef = F6794FA327B5323A00C48EC7 /* Populer.swift */; };
		F6794FA627B5325D00C48EC7 /* Rekomendasi.swift in Sources */ = {isa = PBXBuildFile; fileRef = F6794FA527B5325D00C48EC7 /* Rekomendasi.swift */; };
		F6B067CA27AB446A004DD994 /* IconView.swift in Sources */ = {isa = PBXBuildFile; fileRef = F6B067C927AB446A004DD994 /* IconView.swift */; };
		F6B067CC27AB69B3004DD994 /* PromoCardView.swift in Sources */ = {isa = PBXBuildFile; fileRef = F6B067CB27AB69B3004DD994 /* PromoCardView.swift */; };
		F6B067CE27AB72BE004DD994 /* RestaurantView.swift in Sources */ = {isa = PBXBuildFile; fileRef = F6B067CD27AB72BE004DD994 /* RestaurantView.swift */; };
		F6B067D027AB7CE9004DD994 /* LandscapePromoCard.swift in Sources */ = {isa = PBXBuildFile; fileRef = F6B067CF27AB7CE9004DD994 /* LandscapePromoCard.swift */; };
		F6B5486F27AA140D00EF81A1 /* RestoApp.swift in Sources */ = {isa = PBXBuildFile; fileRef = F6B5486E27AA140D00EF81A1 /* RestoApp.swift */; };
		F6B5487127AA140D00EF81A1 /* ContentView.swift in Sources */ = {isa = PBXBuildFile; fileRef = F6B5487027AA140D00EF81A1 /* ContentView.swift */; };
		F6B5487327AA141000EF81A1 /* Assets.xcassets in Resources */ = {isa = PBXBuildFile; fileRef = F6B5487227AA141000EF81A1 /* Assets.xcassets */; };
		F6B5487627AA141000EF81A1 /* Preview Assets.xcassets in Resources */ = {isa = PBXBuildFile; fileRef = F6B5487527AA141000EF81A1 /* Preview Assets.xcassets */; };
		F6B5487F27AA16F300EF81A1 /* Riwayat.swift in Sources */ = {isa = PBXBuildFile; fileRef = F6B5487E27AA16F300EF81A1 /* Riwayat.swift */; };
		F6B5488127AA1CE400EF81A1 /* SearchBar.swift in Sources */ = {isa = PBXBuildFile; fileRef = F6B5488027AA1CE400EF81A1 /* SearchBar.swift */; };
/* End PBXBuildFile section */

/* Begin PBXFileReference section */
		F66AE50F27AAF7A400D42D5F /* Data.swift */ = {isa = PBXFileReference; lastKnownFileType = sourcecode.swift; path = Data.swift; sourceTree = "<group>"; };
		F66AE51127AAFD7400D42D5F /* SnapCarousel.swift */ = {isa = PBXFileReference; lastKnownFileType = sourcecode.swift; path = SnapCarousel.swift; sourceTree = "<group>"; };
		F66AE51327AAFF0500D42D5F /* Eksplor.swift */ = {isa = PBXFileReference; lastKnownFileType = sourcecode.swift; path = Eksplor.swift; sourceTree = "<group>"; };
		F6794F9B27B51ADF00C48EC7 /* MakananEnak.swift */ = {isa = PBXFileReference; lastKnownFileType = sourcecode.swift; path = MakananEnak.swift; sourceTree = "<group>"; };
		F6794FA127B5303500C48EC7 /* Terbaru.swift */ = {isa = PBXFileReference; lastKnownFileType = sourcecode.swift; path = Terbaru.swift; sourceTree = "<group>"; };
		F6794FA327B5323A00C48EC7 /* Populer.swift */ = {isa = PBXFileReference; lastKnownFileType = sourcecode.swift; path = Populer.swift; sourceTree = "<group>"; };
		F6794FA527B5325D00C48EC7 /* Rekomendasi.swift */ = {isa = PBXFileReference; lastKnownFileType = sourcecode.swift; path = Rekomendasi.swift; sourceTree = "<group>"; };
		F6B067C927AB446A004DD994 /* IconView.swift */ = {isa = PBXFileReference; lastKnownFileType = sourcecode.swift; path = IconView.swift; sourceTree = "<group>"; };
		F6B067CB27AB69B3004DD994 /* PromoCardView.swift */ = {isa = PBXFileReference; lastKnownFileType = sourcecode.swift; path = PromoCardView.swift; sourceTree = "<group>"; };
		F6B067CD27AB72BE004DD994 /* RestaurantView.swift */ = {isa = PBXFileReference; lastKnownFileType = sourcecode.swift; path = RestaurantView.swift; sourceTree = "<group>"; };
		F6B067CF27AB7CE9004DD994 /* LandscapePromoCard.swift */ = {isa = PBXFileReference; lastKnownFileType = sourcecode.swift; path = LandscapePromoCard.swift; sourceTree = "<group>"; };
		F6B5486B27AA140D00EF81A1 /* Resto.app */ = {isa = PBXFileReference; explicitFileType = wrapper.application; includeInIndex = 0; path = Resto.app; sourceTree = BUILT_PRODUCTS_DIR; };
		F6B5486E27AA140D00EF81A1 /* RestoApp.swift */ = {isa = PBXFileReference; lastKnownFileType = sourcecode.swift; path = RestoApp.swift; sourceTree = "<group>"; };
		F6B5487027AA140D00EF81A1 /* ContentView.swift */ = {isa = PBXFileReference; lastKnownFileType = sourcecode.swift; path = ContentView.swift; sourceTree = "<group>"; };
		F6B5487227AA141000EF81A1 /* Assets.xcassets */ = {isa = PBXFileReference; lastKnownFileType = folder.assetcatalog; path = Assets.xcassets; sourceTree = "<group>"; };
		F6B5487527AA141000EF81A1 /* Preview Assets.xcassets */ = {isa = PBXFileReference; lastKnownFileType = folder.assetcatalog; path = "Preview Assets.xcassets"; sourceTree = "<group>"; };
		F6B5487E27AA16F300EF81A1 /* Riwayat.swift */ = {isa = PBXFileReference; lastKnownFileType = sourcecode.swift; path = Riwayat.swift; sourceTree = "<group>"; };
		F6B5488027AA1CE400EF81A1 /* SearchBar.swift */ = {isa = PBXFileReference; lastKnownFileType = sourcecode.swift; path = SearchBar.swift; sourceTree = "<group>"; };
/* End PBXFileReference section */

/* Begin PBXFrameworksBuildPhase section */
		F6B5486827AA140D00EF81A1 /* Frameworks */ = {
			isa = PBXFrameworksBuildPhase;
			buildActionMask = 2147483647;
			files = (
			);
			runOnlyForDeploymentPostprocessing = 0;
		};
/* End PBXFrameworksBuildPhase section */

/* Begin PBXGroup section */
		F6B5486227AA140D00EF81A1 = {
			isa = PBXGroup;
			children = (
				F6B5486D27AA140D00EF81A1 /* Resto */,
				F6B5486C27AA140D00EF81A1 /* Products */,
			);
			sourceTree = "<group>";
		};
		F6B5486C27AA140D00EF81A1 /* Products */ = {
			isa = PBXGroup;
			children = (
				F6B5486B27AA140D00EF81A1 /* Resto.app */,
			);
			name = Products;
			sourceTree = "<group>";
		};
		F6B5486D27AA140D00EF81A1 /* Resto */ = {
			isa = PBXGroup;
			children = (
				F6B5486E27AA140D00EF81A1 /* RestoApp.swift */,
				F6B5487027AA140D00EF81A1 /* ContentView.swift */,
				F6B5487227AA141000EF81A1 /* Assets.xcassets */,
				F6B5487427AA141000EF81A1 /* Preview Content */,
				F6B5487E27AA16F300EF81A1 /* Riwayat.swift */,
				F6B5488027AA1CE400EF81A1 /* SearchBar.swift */,
				F66AE50F27AAF7A400D42D5F /* Data.swift */,
				F66AE51127AAFD7400D42D5F /* SnapCarousel.swift */,
				F66AE51327AAFF0500D42D5F /* Eksplor.swift */,
				F6B067C927AB446A004DD994 /* IconView.swift */,
				F6B067CB27AB69B3004DD994 /* PromoCardView.swift */,
				F6B067CD27AB72BE004DD994 /* RestaurantView.swift */,
				F6B067CF27AB7CE9004DD994 /* LandscapePromoCard.swift */,
				F6794F9B27B51ADF00C48EC7 /* MakananEnak.swift */,
				F6794FA127B5303500C48EC7 /* Terbaru.swift */,
				F6794FA327B5323A00C48EC7 /* Populer.swift */,
				F6794FA527B5325D00C48EC7 /* Rekomendasi.swift */,
			);
			path = Resto;
			sourceTree = "<group>";
		};
		F6B5487427AA141000EF81A1 /* Preview Content */ = {
			isa = PBXGroup;
			children = (
				F6B5487527AA141000EF81A1 /* Preview Assets.xcassets */,
			);
			path = "Preview Content";
			sourceTree = "<group>";
		};
/* End PBXGroup section */

/* Begin PBXNativeTarget section */
		F6B5486A27AA140D00EF81A1 /* Resto */ = {
			isa = PBXNativeTarget;
			buildConfigurationList = F6B5487927AA141000EF81A1 /* Build configuration list for PBXNativeTarget "Resto" */;
			buildPhases = (
				F6B5486727AA140D00EF81A1 /* Sources */,
				F6B5486827AA140D00EF81A1 /* Frameworks */,
				F6B5486927AA140D00EF81A1 /* Resources */,
			);
			buildRules = (
			);
			dependencies = (
			);
			name = Resto;
			productName = Resto;
			productReference = F6B5486B27AA140D00EF81A1 /* Resto.app */;
			productType = "com.apple.product-type.application";
		};
/* End PBXNativeTarget section */

/* Begin PBXProject section */
		F6B5486327AA140D00EF81A1 /* Project object */ = {
			isa = PBXProject;
			attributes = {
				BuildIndependentTargetsInParallel = 1;
				LastSwiftUpdateCheck = 1320;
				LastUpgradeCheck = 1320;
				TargetAttributes = {
					F6B5486A27AA140D00EF81A1 = {
						CreatedOnToolsVersion = 13.2.1;
					};
				};
			};
			buildConfigurationList = F6B5486627AA140D00EF81A1 /* Build configuration list for PBXProject "Resto" */;
			compatibilityVersion = "Xcode 13.0";
			developmentRegion = en;
			hasScannedForEncodings = 0;
			knownRegions = (
				en,
				Base,
			);
			mainGroup = F6B5486227AA140D00EF81A1;
			productRefGroup = F6B5486C27AA140D00EF81A1 /* Products */;
			projectDirPath = "";
			projectRoot = "";
			targets = (
				F6B5486A27AA140D00EF81A1 /* Resto */,
			);
		};
/* End PBXProject section */

/* Begin PBXResourcesBuildPhase section */
		F6B5486927AA140D00EF81A1 /* Resources */ = {
			isa = PBXResourcesBuildPhase;
			buildActionMask = 2147483647;
			files = (
				F6B5487627AA141000EF81A1 /* Preview Assets.xcassets in Resources */,
				F6B5487327AA141000EF81A1 /* Assets.xcassets in Resources */,
			);
			runOnlyForDeploymentPostprocessing = 0;
		};
/* End PBXResourcesBuildPhase section */

/* Begin PBXSourcesBuildPhase section */
		F6B5486727AA140D00EF81A1 /* Sources */ = {
			isa = PBXSourcesBuildPhase;
			buildActionMask = 2147483647;
			files = (
				F66AE51027AAF7A400D42D5F /* Data.swift in Sources */,
				F6B5487F27AA16F300EF81A1 /* Riwayat.swift in Sources */,
				F6B5488127AA1CE400EF81A1 /* SearchBar.swift in Sources */,
				F6794FA427B5323A00C48EC7 /* Populer.swift in Sources */,
				F6B067CE27AB72BE004DD994 /* RestaurantView.swift in Sources */,
				F6B067CC27AB69B3004DD994 /* PromoCardView.swift in Sources */,
				F66AE51427AAFF0500D42D5F /* Eksplor.swift in Sources */,
				F6794F9C27B51ADF00C48EC7 /* MakananEnak.swift in Sources */,
				F6B5487127AA140D00EF81A1 /* ContentView.swift in Sources */,
				F6794FA227B5303500C48EC7 /* Terbaru.swift in Sources */,
				F6B067CA27AB446A004DD994 /* IconView.swift in Sources */,
				F66AE51227AAFD7400D42D5F /* SnapCarousel.swift in Sources */,
				F6B067D027AB7CE9004DD994 /* LandscapePromoCard.swift in Sources */,
				F6B5486F27AA140D00EF81A1 /* RestoApp.swift in Sources */,
				F6794FA627B5325D00C48EC7 /* Rekomendasi.swift in Sources */,
			);
			runOnlyForDeploymentPostprocessing = 0;
		};
/* End PBXSourcesBuildPhase section */

/* Begin XCBuildConfiguration section */
		F6B5487727AA141000EF81A1 /* Debug */ = {
			isa = XCBuildConfiguration;
			buildSettings = {
				ALWAYS_SEARCH_USER_PATHS = NO;
				CLANG_ANALYZER_NONNULL = YES;
				CLANG_ANALYZER_NUMBER_OBJECT_CONVERSION = YES_AGGRESSIVE;
				CLANG_CXX_LANGUAGE_STANDARD = "gnu++17";
				CLANG_CXX_LIBRARY = "libc++";
				CLANG_ENABLE_MODULES = YES;
				CLANG_ENABLE_OBJC_ARC = YES;
				CLANG_ENABLE_OBJC_WEAK = YES;
				CLANG_WARN_BLOCK_CAPTURE_AUTORELEASING = YES;
				CLANG_WARN_BOOL_CONVERSION = YES;
				CLANG_WARN_COMMA = YES;
				CLANG_WARN_CONSTANT_CONVERSION = YES;
				CLANG_WARN_DEPRECATED_OBJC_IMPLEMENTATIONS = YES;
				CLANG_WARN_DIRECT_OBJC_ISA_USAGE = YES_ERROR;
				CLANG_WARN_DOCUMENTATION_COMMENTS = YES;
				CLANG_WARN_EMPTY_BODY = YES;
				CLANG_WARN_ENUM_CONVERSION = YES;
				CLANG_WARN_INFINITE_RECURSION = YES;
				CLANG_WARN_INT_CONVERSION = YES;
				CLANG_WARN_NON_LITERAL_NULL_CONVERSION = YES;
				CLANG_WARN_OBJC_IMPLICIT_RETAIN_SELF = YES;
				CLANG_WARN_OBJC_LITERAL_CONVERSION = YES;
				CLANG_WARN_OBJC_ROOT_CLASS = YES_ERROR;
				CLANG_WARN_QUOTED_INCLUDE_IN_FRAMEWORK_HEADER = YES;
				CLANG_WARN_RANGE_LOOP_ANALYSIS = YES;
				CLANG_WARN_STRICT_PROTOTYPES = YES;
				CLANG_WARN_SUSPICIOUS_MOVE = YES;
				CLANG_WARN_UNGUARDED_AVAILABILITY = YES_AGGRESSIVE;
				CLANG_WARN_UNREACHABLE_CODE = YES;
				CLANG_WARN__DUPLICATE_METHOD_MATCH = YES;
				COPY_PHASE_STRIP = NO;
				DEBUG_INFORMATION_FORMAT = dwarf;
				ENABLE_STRICT_OBJC_MSGSEND = YES;
				ENABLE_TESTABILITY = YES;
				GCC_C_LANGUAGE_STANDARD = gnu11;
				GCC_DYNAMIC_NO_PIC = NO;
				GCC_NO_COMMON_BLOCKS = YES;
				GCC_OPTIMIZATION_LEVEL = 0;
				GCC_PREPROCESSOR_DEFINITIONS = (
					"DEBUG=1",
					"$(inherited)",
				);
				GCC_WARN_64_TO_32_BIT_CONVERSION = YES;
				GCC_WARN_ABOUT_RETURN_TYPE = YES_ERROR;
				GCC_WARN_UNDECLARED_SELECTOR = YES;
				GCC_WARN_UNINITIALIZED_AUTOS = YES_AGGRESSIVE;
				GCC_WARN_UNUSED_FUNCTION = YES;
				GCC_WARN_UNUSED_VARIABLE = YES;
				IPHONEOS_DEPLOYMENT_TARGET = 15.2;
				MTL_ENABLE_DEBUG_INFO = INCLUDE_SOURCE;
				MTL_FAST_MATH = YES;
				ONLY_ACTIVE_ARCH = YES;
				SDKROOT = iphoneos;
				SWIFT_ACTIVE_COMPILATION_CONDITIONS = DEBUG;
				SWIFT_OPTIMIZATION_LEVEL = "-Onone";
			};
			name = Debug;
		};
		F6B5487827AA141000EF81A1 /* Release */ = {
			isa = XCBuildConfiguration;
			buildSettings = {
				ALWAYS_SEARCH_USER_PATHS = NO;
				CLANG_ANALYZER_NONNULL = YES;
				CLANG_ANALYZER_NUMBER_OBJECT_CONVERSION = YES_AGGRESSIVE;
				CLANG_CXX_LANGUAGE_STANDARD = "gnu++17";
				CLANG_CXX_LIBRARY = "libc++";
				CLANG_ENABLE_MODULES = YES;
				CLANG_ENABLE_OBJC_ARC = YES;
				CLANG_ENABLE_OBJC_WEAK = YES;
				CLANG_WARN_BLOCK_CAPTURE_AUTORELEASING = YES;
				CLANG_WARN_BOOL_CONVERSION = YES;
				CLANG_WARN_COMMA = YES;
				CLANG_WARN_CONSTANT_CONVERSION = YES;
				CLANG_WARN_DEPRECATED_OBJC_IMPLEMENTATIONS = YES;
				CLANG_WARN_DIRECT_OBJC_ISA_USAGE = YES_ERROR;
				CLANG_WARN_DOCUMENTATION_COMMENTS = YES;
				CLANG_WARN_EMPTY_BODY = YES;
				CLANG_WARN_ENUM_CONVERSION = YES;
				CLANG_WARN_INFINITE_RECURSION = YES;
				CLANG_WARN_INT_CONVERSION = YES;
				CLANG_WARN_NON_LITERAL_NULL_CONVERSION = YES;
				CLANG_WARN_OBJC_IMPLICIT_RETAIN_SELF = YES;
				CLANG_WARN_OBJC_LITERAL_CONVERSION = YES;
				CLANG_WARN_OBJC_ROOT_CLASS = YES_ERROR;
				CLANG_WARN_QUOTED_INCLUDE_IN_FRAMEWORK_HEADER = YES;
				CLANG_WARN_RANGE_LOOP_ANALYSIS = YES;
				CLANG_WARN_STRICT_PROTOTYPES = YES;
				CLANG_WARN_SUSPICIOUS_MOVE = YES;
				CLANG_WARN_UNGUARDED_AVAILABILITY = YES_AGGRESSIVE;
				CLANG_WARN_UNREACHABLE_CODE = YES;
				CLANG_WARN__DUPLICATE_METHOD_MATCH = YES;
				COPY_PHASE_STRIP = NO;
				DEBUG_INFORMATION_FORMAT = "dwarf-with-dsym";
				ENABLE_NS_ASSERTIONS = NO;
				ENABLE_STRICT_OBJC_MSGSEND = YES;
				GCC_C_LANGUAGE_STANDARD = gnu11;
				GCC_NO_COMMON_BLOCKS = YES;
				GCC_WARN_64_TO_32_BIT_CONVERSION = YES;
				GCC_WARN_ABOUT_RETURN_TYPE = YES_ERROR;
				GCC_WARN_UNDECLARED_SELECTOR = YES;
				GCC_WARN_UNINITIALIZED_AUTOS = YES_AGGRESSIVE;
				GCC_WARN_UNUSED_FUNCTION = YES;
				GCC_WARN_UNUSED_VARIABLE = YES;
				IPHONEOS_DEPLOYMENT_TARGET = 15.2;
				MTL_ENABLE_DEBUG_INFO = NO;
				MTL_FAST_MATH = YES;
				SDKROOT = iphoneos;
				SWIFT_COMPILATION_MODE = wholemodule;
				SWIFT_OPTIMIZATION_LEVEL = "-O";
				VALIDATE_PRODUCT = YES;
			};
			name = Release;
		};
		F6B5487A27AA141000EF81A1 /* Debug */ = {
			isa = XCBuildConfiguration;
			buildSettings = {
				ASSETCATALOG_COMPILER_APPICON_NAME = AppIcon;
				ASSETCATALOG_COMPILER_GLOBAL_ACCENT_COLOR_NAME = AccentColor;
				CODE_SIGN_STYLE = Automatic;
				CURRENT_PROJECT_VERSION = 1;
				DEVELOPMENT_ASSET_PATHS = "\"Resto/Preview Content\"";
				DEVELOPMENT_TEAM = 39B633LG23;
				ENABLE_PREVIEWS = YES;
				GENERATE_INFOPLIST_FILE = YES;
				INFOPLIST_KEY_UIApplicationSceneManifest_Generation = YES;
				INFOPLIST_KEY_UIApplicationSupportsIndirectInputEvents = YES;
				INFOPLIST_KEY_UILaunchScreen_Generation = YES;
				INFOPLIST_KEY_UISupportedInterfaceOrientations_iPad = "UIInterfaceOrientationPortrait UIInterfaceOrientationPortraitUpsideDown UIInterfaceOrientationLandscapeLeft UIInterfaceOrientationLandscapeRight";
				INFOPLIST_KEY_UISupportedInterfaceOrientations_iPhone = "UIInterfaceOrientationPortrait UIInterfaceOrientationLandscapeLeft UIInterfaceOrientationLandscapeRight";
				IPHONEOS_DEPLOYMENT_TARGET = 15.2;
				LD_RUNPATH_SEARCH_PATHS = (
					"$(inherited)",
					"@executable_path/Frameworks",
				);
				MARKETING_VERSION = 1.0;
				PRODUCT_BUNDLE_IDENTIFIER = com.irhamnaufal8.Resto;
				PRODUCT_NAME = "$(TARGET_NAME)";
				SWIFT_EMIT_LOC_STRINGS = YES;
				SWIFT_VERSION = 5.0;
				TARGETED_DEVICE_FAMILY = "1,2";
			};
			name = Debug;
		};
		F6B5487B27AA141000EF81A1 /* Release */ = {
			isa = XCBuildConfiguration;
			buildSettings = {
				ASSETCATALOG_COMPILER_APPICON_NAME = AppIcon;
				ASSETCATALOG_COMPILER_GLOBAL_ACCENT_COLOR_NAME = AccentColor;
				CODE_SIGN_STYLE = Automatic;
				CURRENT_PROJECT_VERSION = 1;
				DEVELOPMENT_ASSET_PATHS = "\"Resto/Preview Content\"";
				DEVELOPMENT_TEAM = 39B633LG23;
				ENABLE_PREVIEWS = YES;
				GENERATE_INFOPLIST_FILE = YES;
				INFOPLIST_KEY_UIApplicationSceneManifest_Generation = YES;
				INFOPLIST_KEY_UIApplicationSupportsIndirectInputEvents = YES;
				INFOPLIST_KEY_UILaunchScreen_Generation = YES;
				INFOPLIST_KEY_UISupportedInterfaceOrientations_iPad = "UIInterfaceOrientationPortrait UIInterfaceOrientationPortraitUpsideDown UIInterfaceOrientationLandscapeLeft UIInterfaceOrientationLandscapeRight";
				INFOPLIST_KEY_UISupportedInterfaceOrientations_iPhone = "UIInterfaceOrientationPortrait UIInterfaceOrientationLandscapeLeft UIInterfaceOrientationLandscapeRight";
				IPHONEOS_DEPLOYMENT_TARGET = 15.2;
				LD_RUNPATH_SEARCH_PATHS = (
					"$(inherited)",
					"@executable_path/Frameworks",
				);
				MARKETING_VERSION = 1.0;
				PRODUCT_BUNDLE_IDENTIFIER = com.irhamnaufal8.Resto;
				PRODUCT_NAME = "$(TARGET_NAME)";
				SWIFT_EMIT_LOC_STRINGS = YES;
				SWIFT_VERSION = 5.0;
				TARGETED_DEVICE_FAMILY = "1,2";
			};
			name = Release;
		};
/* End XCBuildConfiguration section */

/* Begin XCConfigurationList section */
		F6B5486627AA140D00EF81A1 /* Build configuration list for PBXProject "Resto" */ = {
			isa = XCConfigurationList;
			buildConfigurations = (
				F6B5487727AA141000EF81A1 /* Debug */,
				F6B5487827AA141000EF81A1 /* Release */,
			);
			defaultConfigurationIsVisible = 0;
			defaultConfigurationName = Release;
		};
		F6B5487927AA141000EF81A1 /* Build configuration list for PBXNativeTarget "Resto" */ = {
			isa = XCConfigurationList;
			buildConfigurations = (
				F6B5487A27AA141000EF81A1 /* Debug */,
				F6B5487B27AA141000EF81A1 /* Release */,
			);
			defaultConfigurationIsVisible = 0;
			defaultConfigurationName = Release;
		};
/* End XCConfigurationList section */
	};
	rootObject = F6B5486327AA140D00EF81A1 /* Project object */;
}
